
Microsoft Visual Studio Solution File, Format Version 11.00
# Visual Studio 2010
Project("{FAE04EC0-301F-11D3-BF4B-00C04F79EFBC}") = "Jet Dash VR", "Assembly-CSharp.csproj", "{47EAF82E-7135-D9CB-5C16-B5248B24ECA6}"
EndProject
Global
	GlobalSection(SolutionConfigurationPlatforms) = preSolution
		Debug|Any CPU = Debug|Any CPU
		Release|Any CPU = Release|Any CPU
	EndGlobalSection
	GlobalSection(ProjectConfigurationPlatforms) = postSolution
		{47EAF82E-7135-D9CB-5C16-B5248B24ECA6}.Debug|Any CPU.ActiveCfg = Debug|Any CPU
		{47EAF82E-7135-D9CB-5C16-B5248B24ECA6}.Debug|Any CPU.Build.0 = Debug|Any CPU
		{47EAF82E-7135-D9CB-5C16-B5248B24ECA6}.Release|Any CPU.ActiveCfg = Release|Any CPU
		{47EAF82E-7135-D9CB-5C16-B5248B24ECA6}.Release|Any CPU.Build.0 = Release|Any CPU
	EndGlobalSection
	GlobalSection(SolutionProperties) = preSolution
		HideSolutionNode = FALSE
	EndGlobalSection
	GlobalSection(MonoDevelopProperties) = preSolution
		StartupItem = Assembly-CSharp.csproj
	EndGlobalSection
EndGlobal
