
Microsoft Visual Studio Solution File, Format Version 11.00
# Visual Studio 2010
Project("{FAE04EC0-301F-11D3-BF4B-00C04F79EFBC}") = "Jet Dash", "Assembly-CSharp.csproj", "{D830D0C9-5D27-0754-BC6C-58CAABF0731B}"
EndProject
Global
	GlobalSection(SolutionConfigurationPlatforms) = preSolution
		Debug|Any CPU = Debug|Any CPU
		Release|Any CPU = Release|Any CPU
	EndGlobalSection
	GlobalSection(ProjectConfigurationPlatforms) = postSolution
		{D830D0C9-5D27-0754-BC6C-58CAABF0731B}.Debug|Any CPU.ActiveCfg = Debug|Any CPU
		{D830D0C9-5D27-0754-BC6C-58CAABF0731B}.Debug|Any CPU.Build.0 = Debug|Any CPU
		{D830D0C9-5D27-0754-BC6C-58CAABF0731B}.Release|Any CPU.ActiveCfg = Release|Any CPU
		{D830D0C9-5D27-0754-BC6C-58CAABF0731B}.Release|Any CPU.Build.0 = Release|Any CPU
	EndGlobalSection
	GlobalSection(SolutionProperties) = preSolution
		HideSolutionNode = FALSE
	EndGlobalSection
	GlobalSection(MonoDevelopProperties) = preSolution
		StartupItem = Assembly-CSharp.csproj
	EndGlobalSection
EndGlobal
